
Microsoft Visual Studio Solution File, Format Version 12.00
# Visual Studio 15
VisualStudioVersion = 15.0.28307.168
MinimumVisualStudioVersion = 10.0.40219.1
Project("{9A19103F-16F7-4668-BE54-9A1E7A4F7556}") = "MelonPay", "MelonPay\MelonPay.csproj", "{71B841BF-8518-401F-B7C9-84DA249030EF}"
EndProject
Project("{FAE04EC0-301F-11D3-BF4B-00C04F79EFBC}") = "MelonPay.InMemory", "InMemory\MelonPay.InMemory.csproj", "{ACCF813E-2A46-4B63-84DE-1C08CA473CDE}"
EndProject
Project("{FAE04EC0-301F-11D3-BF4B-00C04F79EFBC}") = "MelonPay.Common", "MelonPay.Common\MelonPay.Common.csproj", "{5B13E4A8-EE20-48BE-89DD-508BCC10399C}"
EndProject
Global
	GlobalSection(SolutionConfigurationPlatforms) = preSolution
		Debug|Any CPU = Debug|Any CPU
		Release|Any CPU = Release|Any CPU
	EndGlobalSection
	GlobalSection(ProjectConfigurationPlatforms) = postSolution
		{71B841BF-8518-401F-B7C9-84DA249030EF}.Debug|Any CPU.ActiveCfg = Debug|Any CPU
		{71B841BF-8518-401F-B7C9-84DA249030EF}.Debug|Any CPU.Build.0 = Debug|Any CPU
		{71B841BF-8518-401F-B7C9-84DA249030EF}.Release|Any CPU.ActiveCfg = Release|Any CPU
		{71B841BF-8518-401F-B7C9-84DA249030EF}.Release|Any CPU.Build.0 = Release|Any CPU
		{ACCF813E-2A46-4B63-84DE-1C08CA473CDE}.Debug|Any CPU.ActiveCfg = Debug|Any CPU
		{ACCF813E-2A46-4B63-84DE-1C08CA473CDE}.Debug|Any CPU.Build.0 = Debug|Any CPU
		{ACCF813E-2A46-4B63-84DE-1C08CA473CDE}.Release|Any CPU.ActiveCfg = Release|Any CPU
		{ACCF813E-2A46-4B63-84DE-1C08CA473CDE}.Release|Any CPU.Build.0 = Release|Any CPU
		{5B13E4A8-EE20-48BE-89DD-508BCC10399C}.Debug|Any CPU.ActiveCfg = Debug|Any CPU
		{5B13E4A8-EE20-48BE-89DD-508BCC10399C}.Debug|Any CPU.Build.0 = Debug|Any CPU
		{5B13E4A8-EE20-48BE-89DD-508BCC10399C}.Release|Any CPU.ActiveCfg = Release|Any CPU
		{5B13E4A8-EE20-48BE-89DD-508BCC10399C}.Release|Any CPU.Build.0 = Release|Any CPU
	EndGlobalSection
	GlobalSection(SolutionProperties) = preSolution
		HideSolutionNode = FALSE
	EndGlobalSection
	GlobalSection(ExtensibilityGlobals) = postSolution
		SolutionGuid = {E2871912-D45F-42F4-905D-E764803BBC61}
	EndGlobalSection
EndGlobal
